
Microsoft Visual Studio Solution File, Format Version 12.00
# Visual Studio 15
VisualStudioVersion = 15.0.26124.0
MinimumVisualStudioVersion = 15.0.26124.0
Project("{FAE04EC0-301F-11D3-BF4B-00C04F79EFBC}") = "API", "API\API.csproj", "{B61781D8-CBF5-4FE1-8C8D-37E05DEB7587}"
EndProject
Project("{FAE04EC0-301F-11D3-BF4B-00C04F79EFBC}") = "BLL", "BLL\BLL.csproj", "{9A3582FB-2072-4693-BE59-EFCD68DC6B75}"
EndProject
Project("{FAE04EC0-301F-11D3-BF4B-00C04F79EFBC}") = "DAL", "DAL\DAL.csproj", "{FEE763F7-0F22-4212-8C31-D14A2994D5AA}"
EndProject
Global
	GlobalSection(SolutionConfigurationPlatforms) = preSolution
		Debug|Any CPU = Debug|Any CPU
		Debug|x64 = Debug|x64
		Debug|x86 = Debug|x86
		Release|Any CPU = Release|Any CPU
		Release|x64 = Release|x64
		Release|x86 = Release|x86
	EndGlobalSection
	GlobalSection(SolutionProperties) = preSolution
		HideSolutionNode = FALSE
	EndGlobalSection
	GlobalSection(ProjectConfigurationPlatforms) = postSolution
		{B61781D8-CBF5-4FE1-8C8D-37E05DEB7587}.Debug|Any CPU.ActiveCfg = Debug|Any CPU
		{B61781D8-CBF5-4FE1-8C8D-37E05DEB7587}.Debug|Any CPU.Build.0 = Debug|Any CPU
		{B61781D8-CBF5-4FE1-8C8D-37E05DEB7587}.Debug|x64.ActiveCfg = Debug|Any CPU
		{B61781D8-CBF5-4FE1-8C8D-37E05DEB7587}.Debug|x64.Build.0 = Debug|Any CPU
		{B61781D8-CBF5-4FE1-8C8D-37E05DEB7587}.Debug|x86.ActiveCfg = Debug|Any CPU
		{B61781D8-CBF5-4FE1-8C8D-37E05DEB7587}.Debug|x86.Build.0 = Debug|Any CPU
		{B61781D8-CBF5-4FE1-8C8D-37E05DEB7587}.Release|Any CPU.ActiveCfg = Release|Any CPU
		{B61781D8-CBF5-4FE1-8C8D-37E05DEB7587}.Release|Any CPU.Build.0 = Release|Any CPU
		{B61781D8-CBF5-4FE1-8C8D-37E05DEB7587}.Release|x64.ActiveCfg = Release|Any CPU
		{B61781D8-CBF5-4FE1-8C8D-37E05DEB7587}.Release|x64.Build.0 = Release|Any CPU
		{B61781D8-CBF5-4FE1-8C8D-37E05DEB7587}.Release|x86.ActiveCfg = Release|Any CPU
		{B61781D8-CBF5-4FE1-8C8D-37E05DEB7587}.Release|x86.Build.0 = Release|Any CPU
		{9A3582FB-2072-4693-BE59-EFCD68DC6B75}.Debug|Any CPU.ActiveCfg = Debug|Any CPU
		{9A3582FB-2072-4693-BE59-EFCD68DC6B75}.Debug|Any CPU.Build.0 = Debug|Any CPU
		{9A3582FB-2072-4693-BE59-EFCD68DC6B75}.Debug|x64.ActiveCfg = Debug|Any CPU
		{9A3582FB-2072-4693-BE59-EFCD68DC6B75}.Debug|x64.Build.0 = Debug|Any CPU
		{9A3582FB-2072-4693-BE59-EFCD68DC6B75}.Debug|x86.ActiveCfg = Debug|Any CPU
		{9A3582FB-2072-4693-BE59-EFCD68DC6B75}.Debug|x86.Build.0 = Debug|Any CPU
		{9A3582FB-2072-4693-BE59-EFCD68DC6B75}.Release|Any CPU.ActiveCfg = Release|Any CPU
		{9A3582FB-2072-4693-BE59-EFCD68DC6B75}.Release|Any CPU.Build.0 = Release|Any CPU
		{9A3582FB-2072-4693-BE59-EFCD68DC6B75}.Release|x64.ActiveCfg = Release|Any CPU
		{9A3582FB-2072-4693-BE59-EFCD68DC6B75}.Release|x64.Build.0 = Release|Any CPU
		{9A3582FB-2072-4693-BE59-EFCD68DC6B75}.Release|x86.ActiveCfg = Release|Any CPU
		{9A3582FB-2072-4693-BE59-EFCD68DC6B75}.Release|x86.Build.0 = Release|Any CPU
		{FEE763F7-0F22-4212-8C31-D14A2994D5AA}.Debug|Any CPU.ActiveCfg = Debug|Any CPU
		{FEE763F7-0F22-4212-8C31-D14A2994D5AA}.Debug|Any CPU.Build.0 = Debug|Any CPU
		{FEE763F7-0F22-4212-8C31-D14A2994D5AA}.Debug|x64.ActiveCfg = Debug|Any CPU
		{FEE763F7-0F22-4212-8C31-D14A2994D5AA}.Debug|x64.Build.0 = Debug|Any CPU
		{FEE763F7-0F22-4212-8C31-D14A2994D5AA}.Debug|x86.ActiveCfg = Debug|Any CPU
		{FEE763F7-0F22-4212-8C31-D14A2994D5AA}.Debug|x86.Build.0 = Debug|Any CPU
		{FEE763F7-0F22-4212-8C31-D14A2994D5AA}.Release|Any CPU.ActiveCfg = Release|Any CPU
		{FEE763F7-0F22-4212-8C31-D14A2994D5AA}.Release|Any CPU.Build.0 = Release|Any CPU
		{FEE763F7-0F22-4212-8C31-D14A2994D5AA}.Release|x64.ActiveCfg = Release|Any CPU
		{FEE763F7-0F22-4212-8C31-D14A2994D5AA}.Release|x64.Build.0 = Release|Any CPU
		{FEE763F7-0F22-4212-8C31-D14A2994D5AA}.Release|x86.ActiveCfg = Release|Any CPU
		{FEE763F7-0F22-4212-8C31-D14A2994D5AA}.Release|x86.Build.0 = Release|Any CPU
	EndGlobalSection
EndGlobal
